
Microsoft Visual Studio Solution File, Format Version 11.00
# Visual Studio 2010
Project("{FAE04EC0-301F-11D3-BF4B-00C04F79EFBC}") = "Bauble", "Bauble\Bauble.csproj", "{6CCCF7A2-8CF4-492A-A477-8E5E5540EE79}"
EndProject
Project("{FAE04EC0-301F-11D3-BF4B-00C04F79EFBC}") = "Bauble.Buttons", "Bauble.Buttons\Bauble.Buttons.csproj", "{A4F2C6CA-25FD-401E-B09C-A00210E46B17}"
EndProject
Project("{FAE04EC0-301F-11D3-BF4B-00C04F79EFBC}") = "Bauble.IconFlows", "Bauble.IconFlows\Bauble.IconFlows.csproj", "{FDD1CC00-3812-4D12-866B-7502D87B1942}"
EndProject
Project("{54435603-DBB4-11D2-8724-00A0C9A8B90C}") = "Bauble Setup", "Bauble Setup\Bauble Setup.vdproj", "{03908875-0F88-41DD-A5FC-5DC14C9FDEF6}"
EndProject
Project("{2150E333-8FDC-42A3-9474-1A3956D46DE8}") = "DOCUMENTATION", "DOCUMENTATION", "{43259338-8A28-4E3A-AE49-4827959836D1}"
	ProjectSection(SolutionItems) = preProject
		Changelog.rtf = Changelog.rtf
		CREDITS.txt = CREDITS.txt
	EndProjectSection
EndProject
Project("{FAE04EC0-301F-11D3-BF4B-00C04F79EFBC}") = "Bauble.Common", "Bauble.Common\Bauble.Common.csproj", "{68022894-FC14-46FE-A35E-3180CCCCCB05}"
EndProject
Global
	GlobalSection(TeamFoundationVersionControl) = preSolution
		SccNumberOfProjects = 6
		SccEnterpriseProvider = {4CA58AB2-18FA-4F8D-95D4-32DDF27D184C}
		SccTeamFoundationServer = https://tfs.codeplex.com/tfs/tfs02
		SccLocalPath0 = .
		SccProjectUniqueName1 = Bauble\\Bauble.csproj
		SccProjectName1 = Bauble
		SccLocalPath1 = Bauble
		SccProjectUniqueName2 = Bauble.Buttons\\Bauble.Buttons.csproj
		SccProjectName2 = Bauble.Buttons
		SccLocalPath2 = Bauble.Buttons
		SccProjectUniqueName3 = Bauble.IconFlows\\Bauble.IconFlows.csproj
		SccProjectName3 = Bauble.IconFlows
		SccLocalPath3 = Bauble.IconFlows
		SccProjectUniqueName4 = Bauble\u0020Setup\\Bauble\u0020Setup.vdproj
		SccProjectName4 = Bauble\u0020Setup
		SccLocalPath4 = Bauble\u0020Setup
		SccProjectUniqueName5 = Bauble.Common\\Bauble.Common.csproj
		SccProjectName5 = Bauble.Common
		SccLocalPath5 = Bauble.Common
	EndGlobalSection
	GlobalSection(SolutionConfigurationPlatforms) = preSolution
		Debug|Any CPU = Debug|Any CPU
		Debug|x86 = Debug|x86
		Release|Any CPU = Release|Any CPU
		Release|x86 = Release|x86
	EndGlobalSection
	GlobalSection(ProjectConfigurationPlatforms) = postSolution
		{6CCCF7A2-8CF4-492A-A477-8E5E5540EE79}.Debug|Any CPU.ActiveCfg = Debug|Any CPU
		{6CCCF7A2-8CF4-492A-A477-8E5E5540EE79}.Debug|Any CPU.Build.0 = Debug|Any CPU
		{6CCCF7A2-8CF4-492A-A477-8E5E5540EE79}.Debug|x86.ActiveCfg = Debug|x86
		{6CCCF7A2-8CF4-492A-A477-8E5E5540EE79}.Debug|x86.Build.0 = Debug|x86
		{6CCCF7A2-8CF4-492A-A477-8E5E5540EE79}.Release|Any CPU.ActiveCfg = Release|Any CPU
		{6CCCF7A2-8CF4-492A-A477-8E5E5540EE79}.Release|Any CPU.Build.0 = Release|Any CPU
		{6CCCF7A2-8CF4-492A-A477-8E5E5540EE79}.Release|x86.ActiveCfg = Release|x86
		{6CCCF7A2-8CF4-492A-A477-8E5E5540EE79}.Release|x86.Build.0 = Release|x86
		{A4F2C6CA-25FD-401E-B09C-A00210E46B17}.Debug|Any CPU.ActiveCfg = Debug|Any CPU
		{A4F2C6CA-25FD-401E-B09C-A00210E46B17}.Debug|Any CPU.Build.0 = Debug|Any CPU
		{A4F2C6CA-25FD-401E-B09C-A00210E46B17}.Debug|x86.ActiveCfg = Debug|x86
		{A4F2C6CA-25FD-401E-B09C-A00210E46B17}.Debug|x86.Build.0 = Debug|x86
		{A4F2C6CA-25FD-401E-B09C-A00210E46B17}.Release|Any CPU.ActiveCfg = Release|Any CPU
		{A4F2C6CA-25FD-401E-B09C-A00210E46B17}.Release|Any CPU.Build.0 = Release|Any CPU
		{A4F2C6CA-25FD-401E-B09C-A00210E46B17}.Release|x86.ActiveCfg = Release|x86
		{A4F2C6CA-25FD-401E-B09C-A00210E46B17}.Release|x86.Build.0 = Release|x86
		{FDD1CC00-3812-4D12-866B-7502D87B1942}.Debug|Any CPU.ActiveCfg = Debug|Any CPU
		{FDD1CC00-3812-4D12-866B-7502D87B1942}.Debug|Any CPU.Build.0 = Debug|Any CPU
		{FDD1CC00-3812-4D12-866B-7502D87B1942}.Debug|x86.ActiveCfg = Debug|x86
		{FDD1CC00-3812-4D12-866B-7502D87B1942}.Debug|x86.Build.0 = Debug|x86
		{FDD1CC00-3812-4D12-866B-7502D87B1942}.Release|Any CPU.ActiveCfg = Release|Any CPU
		{FDD1CC00-3812-4D12-866B-7502D87B1942}.Release|Any CPU.Build.0 = Release|Any CPU
		{FDD1CC00-3812-4D12-866B-7502D87B1942}.Release|x86.ActiveCfg = Release|x86
		{FDD1CC00-3812-4D12-866B-7502D87B1942}.Release|x86.Build.0 = Release|x86
		{03908875-0F88-41DD-A5FC-5DC14C9FDEF6}.Debug|Any CPU.ActiveCfg = Debug
		{03908875-0F88-41DD-A5FC-5DC14C9FDEF6}.Debug|x86.ActiveCfg = Debug
		{03908875-0F88-41DD-A5FC-5DC14C9FDEF6}.Release|Any CPU.ActiveCfg = Release
		{03908875-0F88-41DD-A5FC-5DC14C9FDEF6}.Release|x86.ActiveCfg = Release
		{68022894-FC14-46FE-A35E-3180CCCCCB05}.Debug|Any CPU.ActiveCfg = Debug|Any CPU
		{68022894-FC14-46FE-A35E-3180CCCCCB05}.Debug|Any CPU.Build.0 = Debug|Any CPU
		{68022894-FC14-46FE-A35E-3180CCCCCB05}.Debug|x86.ActiveCfg = Debug|Any CPU
		{68022894-FC14-46FE-A35E-3180CCCCCB05}.Release|Any CPU.ActiveCfg = Release|Any CPU
		{68022894-FC14-46FE-A35E-3180CCCCCB05}.Release|Any CPU.Build.0 = Release|Any CPU
		{68022894-FC14-46FE-A35E-3180CCCCCB05}.Release|x86.ActiveCfg = Release|Any CPU
	EndGlobalSection
	GlobalSection(SolutionProperties) = preSolution
		HideSolutionNode = FALSE
	EndGlobalSection
EndGlobal
