
Microsoft Visual Studio Solution File, Format Version 12.00
# Visual Studio Version 16
VisualStudioVersion = 16.0.29521.150
MinimumVisualStudioVersion = 10.0.40219.1
Project("{FAE04EC0-301F-11D3-BF4B-00C04F79EFBC}") = "Bauble", "Bauble\Bauble.csproj", "{6CCCF7A2-8CF4-492A-A477-8E5E5540EE79}"
EndProject
Project("{FAE04EC0-301F-11D3-BF4B-00C04F79EFBC}") = "Bauble.Buttons", "Bauble.Buttons\Bauble.Buttons.csproj", "{A4F2C6CA-25FD-401E-B09C-A00210E46B17}"
EndProject
Project("{FAE04EC0-301F-11D3-BF4B-00C04F79EFBC}") = "Bauble.IconFlows", "Bauble.IconFlows\Bauble.IconFlows.csproj", "{FDD1CC00-3812-4D12-866B-7502D87B1942}"
EndProject
Project("{2150E333-8FDC-42A3-9474-1A3956D46DE8}") = "DOCUMENTATION", "DOCUMENTATION", "{43259338-8A28-4E3A-AE49-4827959836D1}"
	ProjectSection(SolutionItems) = preProject
		CREDITS.txt = CREDITS.txt
	EndProjectSection
EndProject
Project("{FAE04EC0-301F-11D3-BF4B-00C04F79EFBC}") = "Bauble.Common", "Bauble.Common\Bauble.Common.csproj", "{68022894-FC14-46FE-A35E-3180CCCCCB05}"
EndProject
Global
	GlobalSection(SolutionConfigurationPlatforms) = preSolution
		Debug|Any CPU = Debug|Any CPU
		Debug|x86 = Debug|x86
		Release|Any CPU = Release|Any CPU
		Release|x86 = Release|x86
	EndGlobalSection
	GlobalSection(ProjectConfigurationPlatforms) = postSolution
		{6CCCF7A2-8CF4-492A-A477-8E5E5540EE79}.Debug|Any CPU.ActiveCfg = Debug|Any CPU
		{6CCCF7A2-8CF4-492A-A477-8E5E5540EE79}.Debug|Any CPU.Build.0 = Debug|Any CPU
		{6CCCF7A2-8CF4-492A-A477-8E5E5540EE79}.Debug|x86.ActiveCfg = Debug|x86
		{6CCCF7A2-8CF4-492A-A477-8E5E5540EE79}.Debug|x86.Build.0 = Debug|x86
		{6CCCF7A2-8CF4-492A-A477-8E5E5540EE79}.Release|Any CPU.ActiveCfg = Release|Any CPU
		{6CCCF7A2-8CF4-492A-A477-8E5E5540EE79}.Release|Any CPU.Build.0 = Release|Any CPU
		{6CCCF7A2-8CF4-492A-A477-8E5E5540EE79}.Release|x86.ActiveCfg = Release|x86
		{6CCCF7A2-8CF4-492A-A477-8E5E5540EE79}.Release|x86.Build.0 = Release|x86
		{A4F2C6CA-25FD-401E-B09C-A00210E46B17}.Debug|Any CPU.ActiveCfg = Debug|Any CPU
		{A4F2C6CA-25FD-401E-B09C-A00210E46B17}.Debug|Any CPU.Build.0 = Debug|Any CPU
		{A4F2C6CA-25FD-401E-B09C-A00210E46B17}.Debug|x86.ActiveCfg = Debug|x86
		{A4F2C6CA-25FD-401E-B09C-A00210E46B17}.Debug|x86.Build.0 = Debug|x86
		{A4F2C6CA-25FD-401E-B09C-A00210E46B17}.Release|Any CPU.ActiveCfg = Release|Any CPU
		{A4F2C6CA-25FD-401E-B09C-A00210E46B17}.Release|Any CPU.Build.0 = Release|Any CPU
		{A4F2C6CA-25FD-401E-B09C-A00210E46B17}.Release|x86.ActiveCfg = Release|x86
		{A4F2C6CA-25FD-401E-B09C-A00210E46B17}.Release|x86.Build.0 = Release|x86
		{FDD1CC00-3812-4D12-866B-7502D87B1942}.Debug|Any CPU.ActiveCfg = Debug|Any CPU
		{FDD1CC00-3812-4D12-866B-7502D87B1942}.Debug|Any CPU.Build.0 = Debug|Any CPU
		{FDD1CC00-3812-4D12-866B-7502D87B1942}.Debug|x86.ActiveCfg = Debug|x86
		{FDD1CC00-3812-4D12-866B-7502D87B1942}.Debug|x86.Build.0 = Debug|x86
		{FDD1CC00-3812-4D12-866B-7502D87B1942}.Release|Any CPU.ActiveCfg = Release|Any CPU
		{FDD1CC00-3812-4D12-866B-7502D87B1942}.Release|Any CPU.Build.0 = Release|Any CPU
		{FDD1CC00-3812-4D12-866B-7502D87B1942}.Release|x86.ActiveCfg = Release|x86
		{FDD1CC00-3812-4D12-866B-7502D87B1942}.Release|x86.Build.0 = Release|x86
		{68022894-FC14-46FE-A35E-3180CCCCCB05}.Debug|Any CPU.ActiveCfg = Debug|Any CPU
		{68022894-FC14-46FE-A35E-3180CCCCCB05}.Debug|Any CPU.Build.0 = Debug|Any CPU
		{68022894-FC14-46FE-A35E-3180CCCCCB05}.Debug|x86.ActiveCfg = Debug|Any CPU
		{68022894-FC14-46FE-A35E-3180CCCCCB05}.Release|Any CPU.ActiveCfg = Release|Any CPU
		{68022894-FC14-46FE-A35E-3180CCCCCB05}.Release|Any CPU.Build.0 = Release|Any CPU
		{68022894-FC14-46FE-A35E-3180CCCCCB05}.Release|x86.ActiveCfg = Release|Any CPU
	EndGlobalSection
	GlobalSection(SolutionProperties) = preSolution
		HideSolutionNode = FALSE
	EndGlobalSection
	GlobalSection(ExtensibilityGlobals) = postSolution
		SolutionGuid = {A48F206E-EE8B-42CC-BF2D-2FCC7071D5D7}
	EndGlobalSection
EndGlobal
